
Microsoft Visual Studio Solution File, Format Version 12.00
# Visual Studio Version 16
VisualStudioVersion = 16.0.30413.136
MinimumVisualStudioVersion = 10.0.40219.1
Project("{FAE04EC0-301F-11D3-BF4B-00C04F79EFBC}") = "MyFlatWPF", "MyFlatWPF.csproj", "{F0D823CD-E767-47D4-9D2A-B616A090DD75}"
EndProject
Global
	GlobalSection(SolutionConfigurationPlatforms) = preSolution
		Debug|Any CPU = Debug|Any CPU
		Release|Any CPU = Release|Any CPU
	EndGlobalSection
	GlobalSection(ProjectConfigurationPlatforms) = postSolution
		{F0D823CD-E767-47D4-9D2A-B616A090DD75}.Debug|Any CPU.ActiveCfg = Debug|Any CPU
		{F0D823CD-E767-47D4-9D2A-B616A090DD75}.Debug|Any CPU.Build.0 = Debug|Any CPU
		{F0D823CD-E767-47D4-9D2A-B616A090DD75}.Release|Any CPU.ActiveCfg = Release|Any CPU
		{F0D823CD-E767-47D4-9D2A-B616A090DD75}.Release|Any CPU.Build.0 = Release|Any CPU
	EndGlobalSection
	GlobalSection(SolutionProperties) = preSolution
		HideSolutionNode = FALSE
	EndGlobalSection
	GlobalSection(ExtensibilityGlobals) = postSolution
		SolutionGuid = {E1FBD23A-FE55-487B-8FE9-F6B760A5F2A9}
	EndGlobalSection
EndGlobal
